// !$*UTF8*$!
{
	archiveVersion = 1;
	classes = {
	};
	objectVersion = 46;
	objects = {

/* Begin PBXBuildFile section */
		21A83CEC17CC76E200276CA0 /* Foundation.framework in Frameworks */ = {isa = PBXBuildFile; fileRef = 21A83CEB17CC76E200276CA0 /* Foundation.framework */; };
		21A83D2A17CC781700276CA0 /* Grid2D.cpp in Sources */ = {isa = PBXBuildFile; fileRef = 21A83D2417CC781700276CA0 /* Grid2D.cpp */; };
		21A83D2B17CC781700276CA0 /* Lightning.cpp in Sources */ = {isa = PBXBuildFile; fileRef = 21A83D2617CC781700276CA0 /* Lightning.cpp */; };
		21A83D2C17CC781700276CA0 /* Sprite.cpp in Sources */ = {isa = PBXBuildFile; fileRef = 21A83D2817CC781700276CA0 /* Sprite.cpp */; };
		21A83D3517CC784400276CA0 /* EffectNode.cpp in Sources */ = {isa = PBXBuildFile; fileRef = 21A83D2D17CC784400276CA0 /* EffectNode.cpp */; };
		21A83D3617CC784400276CA0 /* LightningNode.cpp in Sources */ = {isa = PBXBuildFile; fileRef = 21A83D2F17CC784400276CA0 /* LightningNode.cpp */; };
		21A83D3717CC784400276CA0 /* ParticleSystemNode.cpp in Sources */ = {isa = PBXBuildFile; fileRef = 21A83D3117CC784400276CA0 /* ParticleSystemNode.cpp */; };
		21A83D3817CC784400276CA0 /* SpriteNode.cpp in Sources */ = {isa = PBXBuildFile; fileRef = 21A83D3317CC784400276CA0 /* SpriteNode.cpp */; };
		21A83D3D17CC785A00276CA0 /* EffectProtocol.cpp in Sources */ = {isa = PBXBuildFile; fileRef = 21A83D3917CC785A00276CA0 /* EffectProtocol.cpp */; };
		21A83D3E17CC785A00276CA0 /* TextureAnimProtocol.cpp in Sources */ = {isa = PBXBuildFile; fileRef = 21A83D3B17CC785A00276CA0 /* TextureAnimProtocol.cpp */; };
		21A83D4517CC787600276CA0 /* Affector.cpp in Sources */ = {isa = PBXBuildFile; fileRef = 21A83D3F17CC787600276CA0 /* Affector.cpp */; };
		21A83D4617CC787600276CA0 /* ColorAffector.cpp in Sources */ = {isa = PBXBuildFile; fileRef = 21A83D4117CC787600276CA0 /* ColorAffector.cpp */; };
		21A83D4717CC787600276CA0 /* ValueAffector.cpp in Sources */ = {isa = PBXBuildFile; fileRef = 21A83D4317CC787600276CA0 /* ValueAffector.cpp */; };
		21A83D5F17CC78BA00276CA0 /* Bezier.cpp in Sources */ = {isa = PBXBuildFile; fileRef = 21A83D4917CC78BA00276CA0 /* Bezier.cpp */; };
		21A83D6017CC78BA00276CA0 /* Curve.cpp in Sources */ = {isa = PBXBuildFile; fileRef = 21A83D4B17CC78BA00276CA0 /* Curve.cpp */; };
		21A83D6117CC78BA00276CA0 /* Easing.cpp in Sources */ = {isa = PBXBuildFile; fileRef = 21A83D5B17CC78BA00276CA0 /* Easing.cpp */; };
		21A83D6217CC78BA00276CA0 /* Spline.cpp in Sources */ = {isa = PBXBuildFile; fileRef = 21A83D5D17CC78BA00276CA0 /* Spline.cpp */; };
		21A83D7817CC78EB00276CA0 /* Effect.cpp in Sources */ = {isa = PBXBuildFile; fileRef = 21A83D6317CC78EB00276CA0 /* Effect.cpp */; };
		21A83D7917CC78EB00276CA0 /* EffectManager.cpp in Sources */ = {isa = PBXBuildFile; fileRef = 21A83D6717CC78EB00276CA0 /* EffectManager.cpp */; };
		21A83D7A17CC78EB00276CA0 /* MeshWarpEffect.cpp in Sources */ = {isa = PBXBuildFile; fileRef = 21A83D6C17CC78EB00276CA0 /* MeshWarpEffect.cpp */; };
		21A83D7B17CC78EB00276CA0 /* ParticleSystem.cpp in Sources */ = {isa = PBXBuildFile; fileRef = 21A83D6E17CC78EB00276CA0 /* ParticleSystem.cpp */; };
		21A83D7C17CC78EB00276CA0 /* ParticleSystemPoint.cpp in Sources */ = {isa = PBXBuildFile; fileRef = 21A83D7017CC78EB00276CA0 /* ParticleSystemPoint.cpp */; };
		21A83D7D17CC78EB00276CA0 /* ParticleSystemSphere.cpp in Sources */ = {isa = PBXBuildFile; fileRef = 21A83D7217CC78EB00276CA0 /* ParticleSystemSphere.cpp */; };
		21A83D7E17CC78EB00276CA0 /* SpriteEffect.cpp in Sources */ = {isa = PBXBuildFile; fileRef = 21A83D7517CC78EB00276CA0 /* SpriteEffect.cpp */; };
		21A83D8317CC7AF200276CA0 /* HawkCocos.cpp in Sources */ = {isa = PBXBuildFile; fileRef = 21A83D8117CC7AF200276CA0 /* HawkCocos.cpp */; };
		21A83D9417CC7D2200276CA0 /* Common.cpp in Sources */ = {isa = PBXBuildFile; fileRef = 21A83D8C17CC7D2200276CA0 /* Common.cpp */; };
		21A83D9517CC7D2200276CA0 /* LogManager.cpp in Sources */ = {isa = PBXBuildFile; fileRef = 21A83D8E17CC7D2200276CA0 /* LogManager.cpp */; };
		21A83D9617CC7D2200276CA0 /* LogProtocol.cpp in Sources */ = {isa = PBXBuildFile; fileRef = 21A83D9017CC7D2200276CA0 /* LogProtocol.cpp */; };
		21A83D9717CC7D2200276CA0 /* ResourceManager.cpp in Sources */ = {isa = PBXBuildFile; fileRef = 21A83D9217CC7D2200276CA0 /* ResourceManager.cpp */; };
/* End PBXBuildFile section */

/* Begin PBXCopyFilesBuildPhase section */
		21A83CE617CC76E200276CA0 /* CopyFiles */ = {
			isa = PBXCopyFilesBuildPhase;
			buildActionMask = 2147483647;
			dstPath = "include/${PRODUCT_NAME}";
			dstSubfolderSpec = 16;
			files = (
			);
			runOnlyForDeploymentPostprocessing = 0;
		};
/* End PBXCopyFilesBuildPhase section */

/* Begin PBXFileReference section */
		21A83CE817CC76E200276CA0 /* libHawkCocos.a */ = {isa = PBXFileReference; explicitFileType = archive.ar; includeInIndex = 0; path = libHawkCocos.a; sourceTree = BUILT_PRODUCTS_DIR; };
		21A83CEB17CC76E200276CA0 /* Foundation.framework */ = {isa = PBXFileReference; lastKnownFileType = wrapper.framework; name = Foundation.framework; path = System/Library/Frameworks/Foundation.framework; sourceTree = SDKROOT; };
		21A83D2417CC781700276CA0 /* Grid2D.cpp */ = {isa = PBXFileReference; fileEncoding = 4; lastKnownFileType = sourcecode.cpp.cpp; name = Grid2D.cpp; path = ../effect/Grid2D.cpp; sourceTree = "<group>"; };
		21A83D2517CC781700276CA0 /* Grid2D.h */ = {isa = PBXFileReference; fileEncoding = 4; lastKnownFileType = sourcecode.c.h; name = Grid2D.h; path = ../effect/Grid2D.h; sourceTree = "<group>"; };
		21A83D2617CC781700276CA0 /* Lightning.cpp */ = {isa = PBXFileReference; fileEncoding = 4; lastKnownFileType = sourcecode.cpp.cpp; name = Lightning.cpp; path = ../effect/Lightning.cpp; sourceTree = "<group>"; };
		21A83D2717CC781700276CA0 /* Lightning.h */ = {isa = PBXFileReference; fileEncoding = 4; lastKnownFileType = sourcecode.c.h; name = Lightning.h; path = ../effect/Lightning.h; sourceTree = "<group>"; };
		21A83D2817CC781700276CA0 /* Sprite.cpp */ = {isa = PBXFileReference; fileEncoding = 4; lastKnownFileType = sourcecode.cpp.cpp; name = Sprite.cpp; path = ../effect/Sprite.cpp; sourceTree = "<group>"; };
		21A83D2917CC781700276CA0 /* Sprite.h */ = {isa = PBXFileReference; fileEncoding = 4; lastKnownFileType = sourcecode.c.h; name = Sprite.h; path = ../effect/Sprite.h; sourceTree = "<group>"; };
		21A83D2D17CC784400276CA0 /* EffectNode.cpp */ = {isa = PBXFileReference; fileEncoding = 4; lastKnownFileType = sourcecode.cpp.cpp; name = EffectNode.cpp; path = ../effect/EffectNode.cpp; sourceTree = "<group>"; };
		21A83D2E17CC784400276CA0 /* EffectNode.h */ = {isa = PBXFileReference; fileEncoding = 4; lastKnownFileType = sourcecode.c.h; name = EffectNode.h; path = ../effect/EffectNode.h; sourceTree = "<group>"; };
		21A83D2F17CC784400276CA0 /* LightningNode.cpp */ = {isa = PBXFileReference; fileEncoding = 4; lastKnownFileType = sourcecode.cpp.cpp; name = LightningNode.cpp; path = ../effect/LightningNode.cpp; sourceTree = "<group>"; };
		21A83D3017CC784400276CA0 /* LightningNode.h */ = {isa = PBXFileReference; fileEncoding = 4; lastKnownFileType = sourcecode.c.h; name = LightningNode.h; path = ../effect/LightningNode.h; sourceTree = "<group>"; };
		21A83D3117CC784400276CA0 /* ParticleSystemNode.cpp */ = {isa = PBXFileReference; fileEncoding = 4; lastKnownFileType = sourcecode.cpp.cpp; name = ParticleSystemNode.cpp; path = ../effect/ParticleSystemNode.cpp; sourceTree = "<group>"; };
		21A83D3217CC784400276CA0 /* ParticleSystemNode.h */ = {isa = PBXFileReference; fileEncoding = 4; lastKnownFileType = sourcecode.c.h; name = ParticleSystemNode.h; path = ../effect/ParticleSystemNode.h; sourceTree = "<group>"; };
		21A83D3317CC784400276CA0 /* SpriteNode.cpp */ = {isa = PBXFileReference; fileEncoding = 4; lastKnownFileType = sourcecode.cpp.cpp; name = SpriteNode.cpp; path = ../effect/SpriteNode.cpp; sourceTree = "<group>"; };
		21A83D3417CC784400276CA0 /* SpriteNode.h */ = {isa = PBXFileReference; fileEncoding = 4; lastKnownFileType = sourcecode.c.h; name = SpriteNode.h; path = ../effect/SpriteNode.h; sourceTree = "<group>"; };
		21A83D3917CC785A00276CA0 /* EffectProtocol.cpp */ = {isa = PBXFileReference; fileEncoding = 4; lastKnownFileType = sourcecode.cpp.cpp; name = EffectProtocol.cpp; path = ../effect/EffectProtocol.cpp; sourceTree = "<group>"; };
		21A83D3A17CC785A00276CA0 /* EffectProtocol.h */ = {isa = PBXFileReference; fileEncoding = 4; lastKnownFileType = sourcecode.c.h; name = EffectProtocol.h; path = ../effect/EffectProtocol.h; sourceTree = "<group>"; };
		21A83D3B17CC785A00276CA0 /* TextureAnimProtocol.cpp */ = {isa = PBXFileReference; fileEncoding = 4; lastKnownFileType = sourcecode.cpp.cpp; name = TextureAnimProtocol.cpp; path = ../effect/TextureAnimProtocol.cpp; sourceTree = "<group>"; };
		21A83D3C17CC785A00276CA0 /* TextureAnimProtocol.h */ = {isa = PBXFileReference; fileEncoding = 4; lastKnownFileType = sourcecode.c.h; name = TextureAnimProtocol.h; path = ../effect/TextureAnimProtocol.h; sourceTree = "<group>"; };
		21A83D3F17CC787600276CA0 /* Affector.cpp */ = {isa = PBXFileReference; fileEncoding = 4; lastKnownFileType = sourcecode.cpp.cpp; name = Affector.cpp; path = ../effect/Affector.cpp; sourceTree = "<group>"; };
		21A83D4017CC787600276CA0 /* Affector.h */ = {isa = PBXFileReference; fileEncoding = 4; lastKnownFileType = sourcecode.c.h; name = Affector.h; path = ../effect/Affector.h; sourceTree = "<group>"; };
		21A83D4117CC787600276CA0 /* ColorAffector.cpp */ = {isa = PBXFileReference; fileEncoding = 4; lastKnownFileType = sourcecode.cpp.cpp; name = ColorAffector.cpp; path = ../effect/ColorAffector.cpp; sourceTree = "<group>"; };
		21A83D4217CC787600276CA0 /* ColorAffector.h */ = {isa = PBXFileReference; fileEncoding = 4; lastKnownFileType = sourcecode.c.h; name = ColorAffector.h; path = ../effect/ColorAffector.h; sourceTree = "<group>"; };
		21A83D4317CC787600276CA0 /* ValueAffector.cpp */ = {isa = PBXFileReference; fileEncoding = 4; lastKnownFileType = sourcecode.cpp.cpp; name = ValueAffector.cpp; path = ../effect/ValueAffector.cpp; sourceTree = "<group>"; };
		21A83D4417CC787600276CA0 /* ValueAffector.h */ = {isa = PBXFileReference; fileEncoding = 4; lastKnownFileType = sourcecode.c.h; name = ValueAffector.h; path = ../effect/ValueAffector.h; sourceTree = "<group>"; };
		21A83D4917CC78BA00276CA0 /* Bezier.cpp */ = {isa = PBXFileReference; fileEncoding = 4; lastKnownFileType = sourcecode.cpp.cpp; name = Bezier.cpp; path = ../effect/Bezier.cpp; sourceTree = "<group>"; };
		21A83D4A17CC78BA00276CA0 /* Bezier.h */ = {isa = PBXFileReference; fileEncoding = 4; lastKnownFileType = sourcecode.c.h; name = Bezier.h; path = ../effect/Bezier.h; sourceTree = "<group>"; };
		21A83D4B17CC78BA00276CA0 /* Curve.cpp */ = {isa = PBXFileReference; fileEncoding = 4; lastKnownFileType = sourcecode.cpp.cpp; name = Curve.cpp; path = ../effect/Curve.cpp; sourceTree = "<group>"; };
		21A83D4C17CC78BA00276CA0 /* Curve.h */ = {isa = PBXFileReference; fileEncoding = 4; lastKnownFileType = sourcecode.c.h; name = Curve.h; path = ../effect/Curve.h; sourceTree = "<group>"; };
		21A83D4E17CC78BA00276CA0 /* Back.h */ = {isa = PBXFileReference; fileEncoding = 4; lastKnownFileType = sourcecode.c.h; path = Back.h; sourceTree = "<group>"; };
		21A83D4F17CC78BA00276CA0 /* Bounce.h */ = {isa = PBXFileReference; fileEncoding = 4; lastKnownFileType = sourcecode.c.h; path = Bounce.h; sourceTree = "<group>"; };
		21A83D5017CC78BA00276CA0 /* Circ.h */ = {isa = PBXFileReference; fileEncoding = 4; lastKnownFileType = sourcecode.c.h; path = Circ.h; sourceTree = "<group>"; };
		21A83D5117CC78BA00276CA0 /* Cubic.h */ = {isa = PBXFileReference; fileEncoding = 4; lastKnownFileType = sourcecode.c.h; path = Cubic.h; sourceTree = "<group>"; };
		21A83D5217CC78BA00276CA0 /* easing_readme.txt */ = {isa = PBXFileReference; fileEncoding = 4; lastKnownFileType = text; path = easing_readme.txt; sourceTree = "<group>"; };
		21A83D5317CC78BA00276CA0 /* Elastic.h */ = {isa = PBXFileReference; fileEncoding = 4; lastKnownFileType = sourcecode.c.h; path = Elastic.h; sourceTree = "<group>"; };
		21A83D5417CC78BA00276CA0 /* Expo.h */ = {isa = PBXFileReference; fileEncoding = 4; lastKnownFileType = sourcecode.c.h; path = Expo.h; sourceTree = "<group>"; };
		21A83D5517CC78BA00276CA0 /* Linear.h */ = {isa = PBXFileReference; fileEncoding = 4; lastKnownFileType = sourcecode.c.h; path = Linear.h; sourceTree = "<group>"; };
		21A83D5617CC78BA00276CA0 /* Quad.h */ = {isa = PBXFileReference; fileEncoding = 4; lastKnownFileType = sourcecode.c.h; path = Quad.h; sourceTree = "<group>"; };
		21A83D5717CC78BA00276CA0 /* Quart.h */ = {isa = PBXFileReference; fileEncoding = 4; lastKnownFileType = sourcecode.c.h; path = Quart.h; sourceTree = "<group>"; };
		21A83D5817CC78BA00276CA0 /* Quint.h */ = {isa = PBXFileReference; fileEncoding = 4; lastKnownFileType = sourcecode.c.h; path = Quint.h; sourceTree = "<group>"; };
		21A83D5917CC78BA00276CA0 /* Sine.h */ = {isa = PBXFileReference; fileEncoding = 4; lastKnownFileType = sourcecode.c.h; path = Sine.h; sourceTree = "<group>"; };
		21A83D5A17CC78BA00276CA0 /* Strong.h */ = {isa = PBXFileReference; fileEncoding = 4; lastKnownFileType = sourcecode.c.h; path = Strong.h; sourceTree = "<group>"; };
		21A83D5B17CC78BA00276CA0 /* Easing.cpp */ = {isa = PBXFileReference; fileEncoding = 4; lastKnownFileType = sourcecode.cpp.cpp; name = Easing.cpp; path = ../effect/Easing.cpp; sourceTree = "<group>"; };
		21A83D5C17CC78BA00276CA0 /* Easing.h */ = {isa = PBXFileReference; fileEncoding = 4; lastKnownFileType = sourcecode.c.h; name = Easing.h; path = ../effect/Easing.h; sourceTree = "<group>"; };
		21A83D5D17CC78BA00276CA0 /* Spline.cpp */ = {isa = PBXFileReference; fileEncoding = 4; lastKnownFileType = sourcecode.cpp.cpp; name = Spline.cpp; path = ../effect/Spline.cpp; sourceTree = "<group>"; };
		21A83D5E17CC78BA00276CA0 /* Spline.h */ = {isa = PBXFileReference; fileEncoding = 4; lastKnownFileType = sourcecode.c.h; name = Spline.h; path = ../effect/Spline.h; sourceTree = "<group>"; };
		21A83D6317CC78EB00276CA0 /* Effect.cpp */ = {isa = PBXFileReference; fileEncoding = 4; lastKnownFileType = sourcecode.cpp.cpp; name = Effect.cpp; path = ../effect/Effect.cpp; sourceTree = "<group>"; };
		21A83D6417CC78EB00276CA0 /* Effect.h */ = {isa = PBXFileReference; fileEncoding = 4; lastKnownFileType = sourcecode.c.h; name = Effect.h; path = ../effect/Effect.h; sourceTree = "<group>"; };
		21A83D6517CC78EB00276CA0 /* EffectHeader.h */ = {isa = PBXFileReference; fileEncoding = 4; lastKnownFileType = sourcecode.c.h; name = EffectHeader.h; path = ../effect/EffectHeader.h; sourceTree = "<group>"; };
		21A83D6617CC78EB00276CA0 /* EffectLib.h */ = {isa = PBXFileReference; fileEncoding = 4; lastKnownFileType = sourcecode.c.h; name = EffectLib.h; path = ../effect/EffectLib.h; sourceTree = "<group>"; };
		21A83D6717CC78EB00276CA0 /* EffectManager.cpp */ = {isa = PBXFileReference; fileEncoding = 4; lastKnownFileType = sourcecode.cpp.cpp; name = EffectManager.cpp; path = ../effect/EffectManager.cpp; sourceTree = "<group>"; };
		21A83D6817CC78EB00276CA0 /* EffectManager.h */ = {isa = PBXFileReference; fileEncoding = 4; lastKnownFileType = sourcecode.c.h; name = EffectManager.h; path = ../effect/EffectManager.h; sourceTree = "<group>"; };
		21A83D6917CC78EB00276CA0 /* EffectPlayCallback.h */ = {isa = PBXFileReference; fileEncoding = 4; lastKnownFileType = sourcecode.c.h; name = EffectPlayCallback.h; path = ../effect/EffectPlayCallback.h; sourceTree = "<group>"; };
		21A83D6A17CC78EB00276CA0 /* KeyFrame.h */ = {isa = PBXFileReference; fileEncoding = 4; lastKnownFileType = sourcecode.c.h; name = KeyFrame.h; path = ../effect/KeyFrame.h; sourceTree = "<group>"; };
		21A83D6B17CC78EB00276CA0 /* KeyFrame.inl */ = {isa = PBXFileReference; fileEncoding = 4; lastKnownFileType = text; name = KeyFrame.inl; path = ../effect/KeyFrame.inl; sourceTree = "<group>"; };
		21A83D6C17CC78EB00276CA0 /* MeshWarpEffect.cpp */ = {isa = PBXFileReference; fileEncoding = 4; lastKnownFileType = sourcecode.cpp.cpp; name = MeshWarpEffect.cpp; path = ../effect/MeshWarpEffect.cpp; sourceTree = "<group>"; };
		21A83D6D17CC78EB00276CA0 /* MeshWarpEffect.h */ = {isa = PBXFileReference; fileEncoding = 4; lastKnownFileType = sourcecode.c.h; name = MeshWarpEffect.h; path = ../effect/MeshWarpEffect.h; sourceTree = "<group>"; };
		21A83D6E17CC78EB00276CA0 /* ParticleSystem.cpp */ = {isa = PBXFileReference; fileEncoding = 4; lastKnownFileType = sourcecode.cpp.cpp; name = ParticleSystem.cpp; path = ../effect/ParticleSystem.cpp; sourceTree = "<group>"; };
		21A83D6F17CC78EB00276CA0 /* ParticleSystem.h */ = {isa = PBXFileReference; fileEncoding = 4; lastKnownFileType = sourcecode.c.h; name = ParticleSystem.h; path = ../effect/ParticleSystem.h; sourceTree = "<group>"; };
		21A83D7017CC78EB00276CA0 /* ParticleSystemPoint.cpp */ = {isa = PBXFileReference; fileEncoding = 4; lastKnownFileType = sourcecode.cpp.cpp; name = ParticleSystemPoint.cpp; path = ../effect/ParticleSystemPoint.cpp; sourceTree = "<group>"; };
		21A83D7117CC78EB00276CA0 /* ParticleSystemPoint.h */ = {isa = PBXFileReference; fileEncoding = 4; lastKnownFileType = sourcecode.c.h; name = ParticleSystemPoint.h; path = ../effect/ParticleSystemPoint.h; sourceTree = "<group>"; };
		21A83D7217CC78EB00276CA0 /* ParticleSystemSphere.cpp */ = {isa = PBXFileReference; fileEncoding = 4; lastKnownFileType = sourcecode.cpp.cpp; name = ParticleSystemSphere.cpp; path = ../effect/ParticleSystemSphere.cpp; sourceTree = "<group>"; };
		21A83D7317CC78EB00276CA0 /* ParticleSystemSphere.h */ = {isa = PBXFileReference; fileEncoding = 4; lastKnownFileType = sourcecode.c.h; name = ParticleSystemSphere.h; path = ../effect/ParticleSystemSphere.h; sourceTree = "<group>"; };
		21A83D7417CC78EB00276CA0 /* Properties.hpp */ = {isa = PBXFileReference; fileEncoding = 4; lastKnownFileType = sourcecode.cpp.h; name = Properties.hpp; path = ../effect/Properties.hpp; sourceTree = "<group>"; };
		21A83D7517CC78EB00276CA0 /* SpriteEffect.cpp */ = {isa = PBXFileReference; fileEncoding = 4; lastKnownFileType = sourcecode.cpp.cpp; name = SpriteEffect.cpp; path = ../effect/SpriteEffect.cpp; sourceTree = "<group>"; };
		21A83D7617CC78EB00276CA0 /* SpriteEffect.h */ = {isa = PBXFileReference; fileEncoding = 4; lastKnownFileType = sourcecode.c.h; name = SpriteEffect.h; path = ../effect/SpriteEffect.h; sourceTree = "<group>"; };
		21A83D7717CC78EB00276CA0 /* XmlOp.hpp */ = {isa = PBXFileReference; fileEncoding = 4; lastKnownFileType = sourcecode.cpp.h; name = XmlOp.hpp; path = ../effect/XmlOp.hpp; sourceTree = "<group>"; };
		21A83D8117CC7AF200276CA0 /* HawkCocos.cpp */ = {isa = PBXFileReference; fileEncoding = 4; lastKnownFileType = sourcecode.cpp.cpp; name = HawkCocos.cpp; path = ../HawkCocos.cpp; sourceTree = "<group>"; };
		21A83D8217CC7AF200276CA0 /* HawkCocos.h */ = {isa = PBXFileReference; fileEncoding = 4; lastKnownFileType = sourcecode.c.h; name = HawkCocos.h; path = ../HawkCocos.h; sourceTree = "<group>"; };
		21A83D8C17CC7D2200276CA0 /* Common.cpp */ = {isa = PBXFileReference; fileEncoding = 4; lastKnownFileType = sourcecode.cpp.cpp; name = Common.cpp; path = ../common/Common.cpp; sourceTree = "<group>"; };
		21A83D8D17CC7D2200276CA0 /* Common.h */ = {isa = PBXFileReference; fileEncoding = 4; lastKnownFileType = sourcecode.c.h; name = Common.h; path = ../common/Common.h; sourceTree = "<group>"; };
		21A83D8E17CC7D2200276CA0 /* LogManager.cpp */ = {isa = PBXFileReference; fileEncoding = 4; lastKnownFileType = sourcecode.cpp.cpp; name = LogManager.cpp; path = ../common/LogManager.cpp; sourceTree = "<group>"; };
		21A83D8F17CC7D2200276CA0 /* LogManager.h */ = {isa = PBXFileReference; fileEncoding = 4; lastKnownFileType = sourcecode.c.h; name = LogManager.h; path = ../common/LogManager.h; sourceTree = "<group>"; };
		21A83D9017CC7D2200276CA0 /* LogProtocol.cpp */ = {isa = PBXFileReference; fileEncoding = 4; lastKnownFileType = sourcecode.cpp.cpp; name = LogProtocol.cpp; path = ../common/LogProtocol.cpp; sourceTree = "<group>"; };
		21A83D9117CC7D2200276CA0 /* LogProtocol.h */ = {isa = PBXFileReference; fileEncoding = 4; lastKnownFileType = sourcecode.c.h; name = LogProtocol.h; path = ../common/LogProtocol.h; sourceTree = "<group>"; };
		21A83D9217CC7D2200276CA0 /* ResourceManager.cpp */ = {isa = PBXFileReference; fileEncoding = 4; lastKnownFileType = sourcecode.cpp.cpp; name = ResourceManager.cpp; path = ../common/ResourceManager.cpp; sourceTree = "<group>"; };
		21A83D9317CC7D2200276CA0 /* ResourceManager.h */ = {isa = PBXFileReference; fileEncoding = 4; lastKnownFileType = sourcecode.c.h; name = ResourceManager.h; path = ../common/ResourceManager.h; sourceTree = "<group>"; };
/* End PBXFileReference section */

/* Begin PBXFrameworksBuildPhase section */
		21A83CE517CC76E200276CA0 /* Frameworks */ = {
			isa = PBXFrameworksBuildPhase;
			buildActionMask = 2147483647;
			files = (
				21A83CEC17CC76E200276CA0 /* Foundation.framework in Frameworks */,
			);
			runOnlyForDeploymentPostprocessing = 0;
		};
/* End PBXFrameworksBuildPhase section */

/* Begin PBXGroup section */
		21A83CDD17CC76E200276CA0 = {
			isa = PBXGroup;
			children = (
				21A83D8017CC7ADB00276CA0 /* hawkcocos */,
				21A83D1D17CC77AD00276CA0 /* animation */,
				21A83D1C17CC77A800276CA0 /* appframe */,
				21A83D1B17CC77A100276CA0 /* common */,
				21A83D1A17CC779C00276CA0 /* effect */,
				21A83D1917CC779800276CA0 /* ui */,
				21A83CEA17CC76E200276CA0 /* Frameworks */,
				21A83CE917CC76E200276CA0 /* Products */,
			);
			sourceTree = "<group>";
		};
		21A83CE917CC76E200276CA0 /* Products */ = {
			isa = PBXGroup;
			children = (
				21A83CE817CC76E200276CA0 /* libHawkCocos.a */,
			);
			name = Products;
			sourceTree = "<group>";
		};
		21A83CEA17CC76E200276CA0 /* Frameworks */ = {
			isa = PBXGroup;
			children = (
				21A83CEB17CC76E200276CA0 /* Foundation.framework */,
			);
			name = Frameworks;
			sourceTree = "<group>";
		};
		21A83D1917CC779800276CA0 /* ui */ = {
			isa = PBXGroup;
			children = (
			);
			name = ui;
			sourceTree = "<group>";
		};
		21A83D1A17CC779C00276CA0 /* effect */ = {
			isa = PBXGroup;
			children = (
				21A83D6317CC78EB00276CA0 /* Effect.cpp */,
				21A83D6417CC78EB00276CA0 /* Effect.h */,
				21A83D6517CC78EB00276CA0 /* EffectHeader.h */,
				21A83D6617CC78EB00276CA0 /* EffectLib.h */,
				21A83D6717CC78EB00276CA0 /* EffectManager.cpp */,
				21A83D6817CC78EB00276CA0 /* EffectManager.h */,
				21A83D6917CC78EB00276CA0 /* EffectPlayCallback.h */,
				21A83D6A17CC78EB00276CA0 /* KeyFrame.h */,
				21A83D6B17CC78EB00276CA0 /* KeyFrame.inl */,
				21A83D6C17CC78EB00276CA0 /* MeshWarpEffect.cpp */,
				21A83D6D17CC78EB00276CA0 /* MeshWarpEffect.h */,
				21A83D6E17CC78EB00276CA0 /* ParticleSystem.cpp */,
				21A83D6F17CC78EB00276CA0 /* ParticleSystem.h */,
				21A83D7017CC78EB00276CA0 /* ParticleSystemPoint.cpp */,
				21A83D7117CC78EB00276CA0 /* ParticleSystemPoint.h */,
				21A83D7217CC78EB00276CA0 /* ParticleSystemSphere.cpp */,
				21A83D7317CC78EB00276CA0 /* ParticleSystemSphere.h */,
				21A83D7417CC78EB00276CA0 /* Properties.hpp */,
				21A83D7517CC78EB00276CA0 /* SpriteEffect.cpp */,
				21A83D7617CC78EB00276CA0 /* SpriteEffect.h */,
				21A83D7717CC78EB00276CA0 /* XmlOp.hpp */,
				21A83D2317CC77E200276CA0 /* emitters */,
				21A83D2217CC77DE00276CA0 /* math */,
				21A83D2117CC77D800276CA0 /* affector */,
				21A83D2017CC77D100276CA0 /* protocols */,
				21A83D1F17CC77CB00276CA0 /* effectNodes */,
				21A83D1E17CC77C400276CA0 /* effectSupport */,
			);
			name = effect;
			sourceTree = "<group>";
		};
		21A83D1B17CC77A100276CA0 /* common */ = {
			isa = PBXGroup;
			children = (
				21A83D8C17CC7D2200276CA0 /* Common.cpp */,
				21A83D8D17CC7D2200276CA0 /* Common.h */,
				21A83D8E17CC7D2200276CA0 /* LogManager.cpp */,
				21A83D8F17CC7D2200276CA0 /* LogManager.h */,
				21A83D9017CC7D2200276CA0 /* LogProtocol.cpp */,
				21A83D9117CC7D2200276CA0 /* LogProtocol.h */,
				21A83D9217CC7D2200276CA0 /* ResourceManager.cpp */,
				21A83D9317CC7D2200276CA0 /* ResourceManager.h */,
			);
			name = common;
			sourceTree = "<group>";
		};
		21A83D1C17CC77A800276CA0 /* appframe */ = {
			isa = PBXGroup;
			children = (
			);
			name = appframe;
			sourceTree = "<group>";
		};
		21A83D1D17CC77AD00276CA0 /* animation */ = {
			isa = PBXGroup;
			children = (
			);
			name = animation;
			sourceTree = "<group>";
		};
		21A83D1E17CC77C400276CA0 /* effectSupport */ = {
			isa = PBXGroup;
			children = (
				21A83D2417CC781700276CA0 /* Grid2D.cpp */,
				21A83D2517CC781700276CA0 /* Grid2D.h */,
				21A83D2617CC781700276CA0 /* Lightning.cpp */,
				21A83D2717CC781700276CA0 /* Lightning.h */,
				21A83D2817CC781700276CA0 /* Sprite.cpp */,
				21A83D2917CC781700276CA0 /* Sprite.h */,
			);
			name = effectSupport;
			sourceTree = "<group>";
		};
		21A83D1F17CC77CB00276CA0 /* effectNodes */ = {
			isa = PBXGroup;
			children = (
				21A83D2D17CC784400276CA0 /* EffectNode.cpp */,
				21A83D2E17CC784400276CA0 /* EffectNode.h */,
				21A83D2F17CC784400276CA0 /* LightningNode.cpp */,
				21A83D3017CC784400276CA0 /* LightningNode.h */,
				21A83D3117CC784400276CA0 /* ParticleSystemNode.cpp */,
				21A83D3217CC784400276CA0 /* ParticleSystemNode.h */,
				21A83D3317CC784400276CA0 /* SpriteNode.cpp */,
				21A83D3417CC784400276CA0 /* SpriteNode.h */,
			);
			name = effectNodes;
			sourceTree = "<group>";
		};
		21A83D2017CC77D100276CA0 /* protocols */ = {
			isa = PBXGroup;
			children = (
				21A83D3917CC785A00276CA0 /* EffectProtocol.cpp */,
				21A83D3A17CC785A00276CA0 /* EffectProtocol.h */,
				21A83D3B17CC785A00276CA0 /* TextureAnimProtocol.cpp */,
				21A83D3C17CC785A00276CA0 /* TextureAnimProtocol.h */,
			);
			name = protocols;
			sourceTree = "<group>";
		};
		21A83D2117CC77D800276CA0 /* affector */ = {
			isa = PBXGroup;
			children = (
				21A83D3F17CC787600276CA0 /* Affector.cpp */,
				21A83D4017CC787600276CA0 /* Affector.h */,
				21A83D4117CC787600276CA0 /* ColorAffector.cpp */,
				21A83D4217CC787600276CA0 /* ColorAffector.h */,
				21A83D4317CC787600276CA0 /* ValueAffector.cpp */,
				21A83D4417CC787600276CA0 /* ValueAffector.h */,
			);
			name = affector;
			sourceTree = "<group>";
		};
		21A83D2217CC77DE00276CA0 /* math */ = {
			isa = PBXGroup;
			children = (
				21A83D4917CC78BA00276CA0 /* Bezier.cpp */,
				21A83D4A17CC78BA00276CA0 /* Bezier.h */,
				21A83D4B17CC78BA00276CA0 /* Curve.cpp */,
				21A83D4C17CC78BA00276CA0 /* Curve.h */,
				21A83D4D17CC78BA00276CA0 /* easing */,
				21A83D5B17CC78BA00276CA0 /* Easing.cpp */,
				21A83D5C17CC78BA00276CA0 /* Easing.h */,
				21A83D5D17CC78BA00276CA0 /* Spline.cpp */,
				21A83D5E17CC78BA00276CA0 /* Spline.h */,
				21A83D4817CC788800276CA0 /* easing */,
			);
			name = math;
			sourceTree = "<group>";
		};
		21A83D2317CC77E200276CA0 /* emitters */ = {
			isa = PBXGroup;
			children = (
			);
			name = emitters;
			sourceTree = "<group>";
		};
		21A83D4817CC788800276CA0 /* easing */ = {
			isa = PBXGroup;
			children = (
			);
			name = easing;
			sourceTree = "<group>";
		};
		21A83D4D17CC78BA00276CA0 /* easing */ = {
			isa = PBXGroup;
			children = (
				21A83D4E17CC78BA00276CA0 /* Back.h */,
				21A83D4F17CC78BA00276CA0 /* Bounce.h */,
				21A83D5017CC78BA00276CA0 /* Circ.h */,
				21A83D5117CC78BA00276CA0 /* Cubic.h */,
				21A83D5217CC78BA00276CA0 /* easing_readme.txt */,
				21A83D5317CC78BA00276CA0 /* Elastic.h */,
				21A83D5417CC78BA00276CA0 /* Expo.h */,
				21A83D5517CC78BA00276CA0 /* Linear.h */,
				21A83D5617CC78BA00276CA0 /* Quad.h */,
				21A83D5717CC78BA00276CA0 /* Quart.h */,
				21A83D5817CC78BA00276CA0 /* Quint.h */,
				21A83D5917CC78BA00276CA0 /* Sine.h */,
				21A83D5A17CC78BA00276CA0 /* Strong.h */,
			);
			name = easing;
			path = ../effect/easing;
			sourceTree = "<group>";
		};
		21A83D8017CC7ADB00276CA0 /* hawkcocos */ = {
			isa = PBXGroup;
			children = (
				21A83D8117CC7AF200276CA0 /* HawkCocos.cpp */,
				21A83D8217CC7AF200276CA0 /* HawkCocos.h */,
			);
			name = hawkcocos;
			sourceTree = "<group>";
		};
/* End PBXGroup section */

/* Begin PBXNativeTarget section */
		21A83CE717CC76E200276CA0 /* HawkCocos */ = {
			isa = PBXNativeTarget;
			buildConfigurationList = 21A83CF617CC76E200276CA0 /* Build configuration list for PBXNativeTarget "HawkCocos" */;
			buildPhases = (
				21A83CE417CC76E200276CA0 /* Sources */,
				21A83CE517CC76E200276CA0 /* Frameworks */,
				21A83CE617CC76E200276CA0 /* CopyFiles */,
			);
			buildRules = (
			);
			dependencies = (
			);
			name = HawkCocos;
			productName = HawkCocos;
			productReference = 21A83CE817CC76E200276CA0 /* libHawkCocos.a */;
			productType = "com.apple.product-type.library.static";
		};
/* End PBXNativeTarget section */

/* Begin PBXProject section */
		21A83CDF17CC76E200276CA0 /* Project object */ = {
			isa = PBXProject;
			attributes = {
				LastUpgradeCheck = 0450;
				ORGANIZATIONNAME = hzbc;
			};
			buildConfigurationList = 21A83CE217CC76E200276CA0 /* Build configuration list for PBXProject "HawkCocos" */;
			compatibilityVersion = "Xcode 3.2";
			developmentRegion = English;
			hasScannedForEncodings = 0;
			knownRegions = (
				en,
			);
			mainGroup = 21A83CDD17CC76E200276CA0;
			productRefGroup = 21A83CE917CC76E200276CA0 /* Products */;
			projectDirPath = "";
			projectRoot = "";
			targets = (
				21A83CE717CC76E200276CA0 /* HawkCocos */,
			);
		};
/* End PBXProject section */

/* Begin PBXSourcesBuildPhase section */
		21A83CE417CC76E200276CA0 /* Sources */ = {
			isa = PBXSourcesBuildPhase;
			buildActionMask = 2147483647;
			files = (
				21A83D2A17CC781700276CA0 /* Grid2D.cpp in Sources */,
				21A83D2B17CC781700276CA0 /* Lightning.cpp in Sources */,
				21A83D2C17CC781700276CA0 /* Sprite.cpp in Sources */,
				21A83D3517CC784400276CA0 /* EffectNode.cpp in Sources */,
				21A83D3617CC784400276CA0 /* LightningNode.cpp in Sources */,
				21A83D3717CC784400276CA0 /* ParticleSystemNode.cpp in Sources */,
				21A83D3817CC784400276CA0 /* SpriteNode.cpp in Sources */,
				21A83D3D17CC785A00276CA0 /* EffectProtocol.cpp in Sources */,
				21A83D3E17CC785A00276CA0 /* TextureAnimProtocol.cpp in Sources */,
				21A83D4517CC787600276CA0 /* Affector.cpp in Sources */,
				21A83D4617CC787600276CA0 /* ColorAffector.cpp in Sources */,
				21A83D4717CC787600276CA0 /* ValueAffector.cpp in Sources */,
				21A83D5F17CC78BA00276CA0 /* Bezier.cpp in Sources */,
				21A83D6017CC78BA00276CA0 /* Curve.cpp in Sources */,
				21A83D6117CC78BA00276CA0 /* Easing.cpp in Sources */,
				21A83D6217CC78BA00276CA0 /* Spline.cpp in Sources */,
				21A83D7817CC78EB00276CA0 /* Effect.cpp in Sources */,
				21A83D7917CC78EB00276CA0 /* EffectManager.cpp in Sources */,
				21A83D7A17CC78EB00276CA0 /* MeshWarpEffect.cpp in Sources */,
				21A83D7B17CC78EB00276CA0 /* ParticleSystem.cpp in Sources */,
				21A83D7C17CC78EB00276CA0 /* ParticleSystemPoint.cpp in Sources */,
				21A83D7D17CC78EB00276CA0 /* ParticleSystemSphere.cpp in Sources */,
				21A83D7E17CC78EB00276CA0 /* SpriteEffect.cpp in Sources */,
				21A83D8317CC7AF200276CA0 /* HawkCocos.cpp in Sources */,
				21A83D9417CC7D2200276CA0 /* Common.cpp in Sources */,
				21A83D9517CC7D2200276CA0 /* LogManager.cpp in Sources */,
				21A83D9617CC7D2200276CA0 /* LogProtocol.cpp in Sources */,
				21A83D9717CC7D2200276CA0 /* ResourceManager.cpp in Sources */,
			);
			runOnlyForDeploymentPostprocessing = 0;
		};
/* End PBXSourcesBuildPhase section */

/* Begin XCBuildConfiguration section */
		21A83CF417CC76E200276CA0 /* Debug */ = {
			isa = XCBuildConfiguration;
			buildSettings = {
				ALWAYS_SEARCH_USER_PATHS = NO;
				CLANG_CXX_LANGUAGE_STANDARD = "gnu++0x";
				CLANG_CXX_LIBRARY = "libc++";
				CLANG_WARN_EMPTY_BODY = YES;
				CLANG_WARN__DUPLICATE_METHOD_MATCH = YES;
				COCOS2DX_ROOT = "";
				COPY_PHASE_STRIP = NO;
				GCC_C_LANGUAGE_STANDARD = gnu99;
				GCC_DYNAMIC_NO_PIC = NO;
				GCC_OPTIMIZATION_LEVEL = 0;
				GCC_PREPROCESSOR_DEFINITIONS = (
					"DEBUG=1",
					"$(inherited)",
				);
				GCC_SYMBOLS_PRIVATE_EXTERN = NO;
				GCC_WARN_ABOUT_RETURN_TYPE = YES;
				GCC_WARN_UNINITIALIZED_AUTOS = YES;
				GCC_WARN_UNUSED_VARIABLE = YES;
				IPHONEOS_DEPLOYMENT_TARGET = 6.0;
				ONLY_ACTIVE_ARCH = YES;
				SDKROOT = iphoneos;
			};
			name = Debug;
		};
		21A83CF517CC76E200276CA0 /* Release */ = {
			isa = XCBuildConfiguration;
			buildSettings = {
				ALWAYS_SEARCH_USER_PATHS = NO;
				CLANG_CXX_LANGUAGE_STANDARD = "gnu++0x";
				CLANG_CXX_LIBRARY = "libc++";
				CLANG_WARN_EMPTY_BODY = YES;
				CLANG_WARN__DUPLICATE_METHOD_MATCH = YES;
				COCOS2DX_ROOT = "";
				COPY_PHASE_STRIP = YES;
				GCC_C_LANGUAGE_STANDARD = gnu99;
				GCC_WARN_ABOUT_RETURN_TYPE = YES;
				GCC_WARN_UNINITIALIZED_AUTOS = YES;
				GCC_WARN_UNUSED_VARIABLE = YES;
				IPHONEOS_DEPLOYMENT_TARGET = 6.0;
				SDKROOT = iphoneos;
				VALIDATE_PRODUCT = YES;
			};
			name = Release;
		};
		21A83CF717CC76E200276CA0 /* Debug */ = {
			isa = XCBuildConfiguration;
			buildSettings = {
				CLANG_CXX_LIBRARY = "libstdc++";
				COCOS2DX_ROOT = "$(PROJECT_DIR)/../../../../engine/cocos2dx";
				DSTROOT = /tmp/HawkCocos.dst;
				GCC_PRECOMPILE_PREFIX_HEADER = YES;
				GCC_PREFIX_HEADER = "";
				GCC_PREPROCESSOR_DEFINITIONS = (
					"DEBUG=1",
					CC_TARGET_OS_IPHONE,
					COCOS_EXPORT,
				);
				HEADER_SEARCH_PATHS = (
					"\"$(COCOS2DX_ROOT)/cocos2dx/\"",
					"\"$(COCOS2DX_ROOT)/extensions\"",
					"\"$(COCOS2DX_ROOT)/cocos2dx/network\"",
					"\"$(COCOS2DX_ROOT)/cocos2dx/platform/ios\"",
					"\"$(COCOS2DX_ROOT)/cocos2dx/include\"",
					"\"$(COCOS2DX_ROOT)/external\"",
					"\"$(COCOS2DX_ROOT)/cocos2dx/kazmath/include\"",
					"\"$(COCOS2DX_ROOT)/CocosDenshion/include\"",
					"\"$(PROJECT_DIR)/../../HawkUtil\"",
					"\"$(PROJECT_DIR)/../../HawkUtil/source/fastdelegate\"",
					"\"$(PROJECT_DIR)/../../HawkGeometry\"",
					"\"$(PROJECT_DIR)/../../HawkUtil/source/rapidxml\"",
				);
				OTHER_LDFLAGS = "-ObjC";
				PRODUCT_NAME = "$(TARGET_NAME)";
				SKIP_INSTALL = YES;
			};
			name = Debug;
		};
		21A83CF817CC76E200276CA0 /* Release */ = {
			isa = XCBuildConfiguration;
			buildSettings = {
				CLANG_CXX_LIBRARY = "libstdc++";
				COCOS2DX_ROOT = "$(PROJECT_DIR)/../../../../engine/cocos2dx";
				DSTROOT = /tmp/HawkCocos.dst;
				GCC_PRECOMPILE_PREFIX_HEADER = YES;
				GCC_PREFIX_HEADER = "";
				GCC_PREPROCESSOR_DEFINITIONS = (
					CC_TARGET_OS_IPHONE,
					COCOS_EXPORT,
				);
				HEADER_SEARCH_PATHS = (
					"\"$(COCOS2DX_ROOT)/cocos2dx/\"",
					"\"$(COCOS2DX_ROOT)/extensions\"",
					"\"$(COCOS2DX_ROOT)/cocos2dx/network\"",
					"\"$(COCOS2DX_ROOT)/cocos2dx/platform/ios\"",
					"\"$(COCOS2DX_ROOT)/cocos2dx/include\"",
					"\"$(COCOS2DX_ROOT)/external\"",
					"\"$(COCOS2DX_ROOT)/cocos2dx/kazmath/include\"",
					"\"$(COCOS2DX_ROOT)/CocosDenshion/include\"",
					"\"$(PROJECT_DIR)/../../HawkUtil\"",
					"\"$(PROJECT_DIR)/../../HawkUtil/source/fastdelegate\"",
					"\"$(PROJECT_DIR)/../../HawkGeometry\"",
					"\"$(PROJECT_DIR)/../../HawkUtil/source/rapidxml\"",
				);
				OTHER_LDFLAGS = "-ObjC";
				PRODUCT_NAME = "$(TARGET_NAME)";
				SKIP_INSTALL = YES;
			};
			name = Release;
		};
/* End XCBuildConfiguration section */

/* Begin XCConfigurationList section */
		21A83CE217CC76E200276CA0 /* Build configuration list for PBXProject "HawkCocos" */ = {
			isa = XCConfigurationList;
			buildConfigurations = (
				21A83CF417CC76E200276CA0 /* Debug */,
				21A83CF517CC76E200276CA0 /* Release */,
			);
			defaultConfigurationIsVisible = 0;
			defaultConfigurationName = Release;
		};
		21A83CF617CC76E200276CA0 /* Build configuration list for PBXNativeTarget "HawkCocos" */ = {
			isa = XCConfigurationList;
			buildConfigurations = (
				21A83CF717CC76E200276CA0 /* Debug */,
				21A83CF817CC76E200276CA0 /* Release */,
			);
			defaultConfigurationIsVisible = 0;
			defaultConfigurationName = Release;
		};
/* End XCConfigurationList section */
	};
	rootObject = 21A83CDF17CC76E200276CA0 /* Project object */;
}
