<?xml version="1.0" encoding="utf-8"?>
<Project ToolsVersion="4.0" xmlns="http://schemas.microsoft.com/developer/msbuild/2003">
  <ItemGroup>
    <Filter Include="openGL">
      <UniqueIdentifier>{c62501ea-5b2c-46e3-aaf5-c31905f60b4b}</UniqueIdentifier>
    </Filter>
    <Filter Include="animation">
      <UniqueIdentifier>{826cd9c8-fdb3-4357-bda8-549f8ad2781a}</UniqueIdentifier>
    </Filter>
    <Filter Include="materials">
      <UniqueIdentifier>{4eabede0-f0a1-4ba2-ab5a-511ca7cda0bf}</UniqueIdentifier>
    </Filter>
    <Filter Include="matrices">
      <UniqueIdentifier>{43110979-17ad-4de0-9935-3e88bcf37191}</UniqueIdentifier>
    </Filter>
    <Filter Include="meshes">
      <UniqueIdentifier>{a4e675bc-66c7-4f3a-8659-4194b6d6afa6}</UniqueIdentifier>
    </Filter>
    <Filter Include="nodes">
      <UniqueIdentifier>{15aca0e9-243c-43e6-b64d-780d23819e57}</UniqueIdentifier>
    </Filter>
    <Filter Include="platforms">
      <UniqueIdentifier>{2ee4b33c-c9c8-46bb-becb-f2e552bfd76c}</UniqueIdentifier>
    </Filter>
    <Filter Include="resources">
      <UniqueIdentifier>{54e35c88-f07c-46bb-9898-0b4f41646e24}</UniqueIdentifier>
    </Filter>
    <Filter Include="scenes">
      <UniqueIdentifier>{05085ea5-c065-4978-a5e2-e45dd0890ddc}</UniqueIdentifier>
    </Filter>
    <Filter Include="shaders">
      <UniqueIdentifier>{61b21572-d7b4-4b6e-95c1-94d2be3b9106}</UniqueIdentifier>
    </Filter>
    <Filter Include="shadows">
      <UniqueIdentifier>{2b300208-20cd-45d8-9767-c3a8ac1160e0}</UniqueIdentifier>
    </Filter>
    <Filter Include="utility">
      <UniqueIdentifier>{3244add1-38dc-4a7f-b70e-6234cb44c591}</UniqueIdentifier>
    </Filter>
    <Filter Include="openGL\OpenGL2">
      <UniqueIdentifier>{c336c0d1-76de-42b5-aef7-4f66b1c0a444}</UniqueIdentifier>
    </Filter>
    <Filter Include="openGL\OpenGLES2">
      <UniqueIdentifier>{22e9fc1b-dd65-40a5-8a9e-640396463826}</UniqueIdentifier>
    </Filter>
    <Filter Include="cc3PVR">
      <UniqueIdentifier>{028f36d4-2b54-431d-9852-863700ea02a8}</UniqueIdentifier>
    </Filter>
    <Filter Include="cc3CAL">
      <UniqueIdentifier>{9bd233da-482d-4654-926b-0e0cfd4d160f}</UniqueIdentifier>
    </Filter>
    <Filter Include="cc3PVR\PVRT">
      <UniqueIdentifier>{7f30b8c9-451e-4efa-a840-98e9079119e1}</UniqueIdentifier>
    </Filter>
    <Filter Include="cc3PVR\PVRT\OGLES">
      <UniqueIdentifier>{4bc84110-3da2-414c-9f26-43ab93aa88e4}</UniqueIdentifier>
    </Filter>
    <Filter Include="cc3PVR\PVRT\OGLES2">
      <UniqueIdentifier>{e2b6ee30-2f21-4843-ab19-15321a37d657}</UniqueIdentifier>
    </Filter>
    <Filter Include="network">
      <UniqueIdentifier>{6465d156-bac7-4e92-9e29-5063808f9f7e}</UniqueIdentifier>
    </Filter>
    <Filter Include="network\server">
      <UniqueIdentifier>{ddac4733-4651-45c1-9df7-8c8e8e903ec4}</UniqueIdentifier>
    </Filter>
    <Filter Include="network\client">
      <UniqueIdentifier>{63142ff2-63ab-4b09-8c2d-8702afd0f035}</UniqueIdentifier>
    </Filter>
    <Filter Include="cc3Extras">
      <UniqueIdentifier>{5dd93237-92ca-4144-9deb-418678ace47d}</UniqueIdentifier>
    </Filter>
    <Filter Include="particlesystem">
      <UniqueIdentifier>{76f5c6f1-5910-44f6-a663-230edac77458}</UniqueIdentifier>
    </Filter>
    <Filter Include="particlesystem\particles">
      <UniqueIdentifier>{c11c55a7-245f-4ad9-86a6-0f06f0b0c853}</UniqueIdentifier>
    </Filter>
    <Filter Include="particlesystem\emitters">
      <UniqueIdentifier>{c305feae-4815-4c6c-9bc7-8e1aee0520a8}</UniqueIdentifier>
    </Filter>
    <Filter Include="particlesystem\navigators">
      <UniqueIdentifier>{e6b91e1f-cd5d-407d-a45c-072e36ab122e}</UniqueIdentifier>
    </Filter>
    <Filter Include="controls">
      <UniqueIdentifier>{94fd7f63-db7f-4da9-8bf1-124d0b4f2c91}</UniqueIdentifier>
    </Filter>
    <Filter Include="common">
      <UniqueIdentifier>{f7d990c6-21fc-4582-a112-afb784b1b45d}</UniqueIdentifier>
    </Filter>
  </ItemGroup>
  <ItemGroup>
    <ClCompile Include="..\Scenes\CC3Layer.cpp">
      <Filter>scenes</Filter>
    </ClCompile>
    <ClCompile Include="..\Scenes\CC3NodeSequencer.cpp">
      <Filter>scenes</Filter>
    </ClCompile>
    <ClCompile Include="..\Scenes\CC3RenderSurfaces.cpp">
      <Filter>scenes</Filter>
    </ClCompile>
    <ClCompile Include="..\Scenes\CC3Scene.cpp">
      <Filter>scenes</Filter>
    </ClCompile>
    <ClCompile Include="..\Meshes\CC3Mesh.cpp">
      <Filter>meshes</Filter>
    </ClCompile>
    <ClCompile Include="..\Meshes\CC3VertexArrays.cpp">
      <Filter>meshes</Filter>
    </ClCompile>
    <ClCompile Include="..\Meshes\CC3VertexSkinning.cpp">
      <Filter>meshes</Filter>
    </ClCompile>
    <ClCompile Include="..\Shaders\CC3GLSLVariable.cpp">
      <Filter>shaders</Filter>
    </ClCompile>
    <ClCompile Include="..\Shaders\CC3ShaderContext.cpp">
      <Filter>shaders</Filter>
    </ClCompile>
    <ClCompile Include="..\Shaders\CC3ShaderMatcher.cpp">
      <Filter>shaders</Filter>
    </ClCompile>
    <ClCompile Include="..\Shaders\CC3Shaders.cpp">
      <Filter>shaders</Filter>
    </ClCompile>
    <ClCompile Include="..\Shaders\CC3ShaderSemantics.cpp">
      <Filter>shaders</Filter>
    </ClCompile>
    <ClCompile Include="..\Materials\CC3Material.cpp">
      <Filter>materials</Filter>
    </ClCompile>
    <ClCompile Include="..\Materials\CC3STBImage.cpp">
      <Filter>materials</Filter>
    </ClCompile>
    <ClCompile Include="..\Materials\CC3Texture.cpp">
      <Filter>materials</Filter>
    </ClCompile>
    <ClCompile Include="..\Materials\CC3TextureUnit.cpp">
      <Filter>materials</Filter>
    </ClCompile>
    <ClCompile Include="..\Matrices\CC3AffineMatrix.cpp">
      <Filter>matrices</Filter>
    </ClCompile>
    <ClCompile Include="..\Matrices\CC3LinearMatrix.cpp">
      <Filter>matrices</Filter>
    </ClCompile>
    <ClCompile Include="..\Matrices\CC3Matrix.cpp">
      <Filter>matrices</Filter>
    </ClCompile>
    <ClCompile Include="..\Matrices\CC3Matrix3x3.cpp">
      <Filter>matrices</Filter>
    </ClCompile>
    <ClCompile Include="..\Matrices\CC3Matrix4x3.cpp">
      <Filter>matrices</Filter>
    </ClCompile>
    <ClCompile Include="..\Matrices\CC3Matrix4x4.cpp">
      <Filter>matrices</Filter>
    </ClCompile>
    <ClCompile Include="..\Matrices\CC3ProjectionMatrix.cpp">
      <Filter>matrices</Filter>
    </ClCompile>
    <ClCompile Include="..\Nodes\CC3Billboard.cpp">
      <Filter>nodes</Filter>
    </ClCompile>
    <ClCompile Include="..\Nodes\CC3BoundingVolumes.cpp">
      <Filter>nodes</Filter>
    </ClCompile>
    <ClCompile Include="..\Nodes\CC3Camera.cpp">
      <Filter>nodes</Filter>
    </ClCompile>
    <ClCompile Include="..\Nodes\CC3EnvironmentNodes.cpp">
      <Filter>nodes</Filter>
    </ClCompile>
    <ClCompile Include="..\Nodes\CC3Light.cpp">
      <Filter>nodes</Filter>
    </ClCompile>
    <ClCompile Include="..\Nodes\CC3LocalContentNode.cpp">
      <Filter>nodes</Filter>
    </ClCompile>
    <ClCompile Include="..\Nodes\CC3MeshNode.cpp">
      <Filter>nodes</Filter>
    </ClCompile>
    <ClCompile Include="..\Nodes\CC3Node.cpp">
      <Filter>nodes</Filter>
    </ClCompile>
    <ClCompile Include="..\Nodes\CC3NodeListeners.cpp">
      <Filter>nodes</Filter>
    </ClCompile>
    <ClCompile Include="..\Nodes\CC3NodeVisitor.cpp">
      <Filter>nodes</Filter>
    </ClCompile>
    <ClCompile Include="..\Nodes\CC3UtilityMeshNodes.cpp">
      <Filter>nodes</Filter>
    </ClCompile>
    <ClCompile Include="..\OpenGL\OpenGL2\CC3OpenGL2.cpp">
      <Filter>openGL\OpenGL2</Filter>
    </ClCompile>
    <ClCompile Include="..\OpenGL\OpenGLES2\CC3OpenGLES2.cpp">
      <Filter>openGL\OpenGLES2</Filter>
    </ClCompile>
    <ClCompile Include="..\OpenGL\CC3OpenGL.cpp">
      <Filter>openGL</Filter>
    </ClCompile>
    <ClCompile Include="..\OpenGL\CC3OpenGLFoundation.cpp">
      <Filter>openGL</Filter>
    </ClCompile>
    <ClCompile Include="..\OpenGL\CC3OpenGLProgPipeline.cpp">
      <Filter>openGL</Filter>
    </ClCompile>
    <ClCompile Include="..\OpenGL\CC3OpenGLUtility.cpp">
      <Filter>openGL</Filter>
    </ClCompile>
    <ClCompile Include="..\Resources\CC3DataStreams.cpp">
      <Filter>resources</Filter>
    </ClCompile>
    <ClCompile Include="..\Resources\CC3NodesResource.cpp">
      <Filter>resources</Filter>
    </ClCompile>
    <ClCompile Include="..\Resources\CC3Resource.cpp">
      <Filter>resources</Filter>
    </ClCompile>
    <ClCompile Include="..\Resources\CC3ResourceNode.cpp">
      <Filter>resources</Filter>
    </ClCompile>
    <ClCompile Include="..\Shadows\CC3ShadowVolumes.cpp">
      <Filter>shadows</Filter>
    </ClCompile>
    <ClCompile Include="..\Utility\CC3Backgrounder.cpp">
      <Filter>utility</Filter>
    </ClCompile>
    <ClCompile Include="..\Utility\CC3Cache.cpp">
      <Filter>utility</Filter>
    </ClCompile>
    <ClCompile Include="..\Utility\CC3DataArray.cpp">
      <Filter>utility</Filter>
    </ClCompile>
    <ClCompile Include="..\Utility\CC3Identifiable.cpp">
      <Filter>utility</Filter>
    </ClCompile>
    <ClCompile Include="..\Utility\CC3PerformanceStatistics.cpp">
      <Filter>utility</Filter>
    </ClCompile>
    <ClCompile Include="..\Utility\CC3Rotator.cpp">
      <Filter>utility</Filter>
    </ClCompile>
    <ClCompile Include="..\Animations\CC3Actions.cpp">
      <Filter>animation</Filter>
    </ClCompile>
    <ClCompile Include="..\Animations\CC3NodeAnimation.cpp">
      <Filter>animation</Filter>
    </ClCompile>
    <ClCompile Include="..\cc3PVR\PVRT\PVRTBoneBatch.cpp">
      <Filter>cc3PVR\PVRT</Filter>
    </ClCompile>
    <ClCompile Include="..\cc3PVR\PVRT\PVRTDecompress.cpp">
      <Filter>cc3PVR\PVRT</Filter>
    </ClCompile>
    <ClCompile Include="..\cc3PVR\PVRT\PVRTError.cpp">
      <Filter>cc3PVR\PVRT</Filter>
    </ClCompile>
    <ClCompile Include="..\cc3PVR\PVRT\PVRTFixedPoint.cpp">
      <Filter>cc3PVR\PVRT</Filter>
    </ClCompile>
    <ClCompile Include="..\cc3PVR\PVRT\PVRTMatrixF.cpp">
      <Filter>cc3PVR\PVRT</Filter>
    </ClCompile>
    <ClCompile Include="..\cc3PVR\PVRT\PVRTModelPOD.cpp">
      <Filter>cc3PVR\PVRT</Filter>
    </ClCompile>
    <ClCompile Include="..\cc3PVR\PVRT\PVRTPFXParser.cpp">
      <Filter>cc3PVR\PVRT</Filter>
    </ClCompile>
    <ClCompile Include="..\cc3PVR\PVRT\PVRTQuaternionF.cpp">
      <Filter>cc3PVR\PVRT</Filter>
    </ClCompile>
    <ClCompile Include="..\cc3PVR\PVRT\PVRTResourceFile.cpp">
      <Filter>cc3PVR\PVRT</Filter>
    </ClCompile>
    <ClCompile Include="..\cc3PVR\PVRT\PVRTString.cpp">
      <Filter>cc3PVR\PVRT</Filter>
    </ClCompile>
    <ClCompile Include="..\cc3PVR\PVRT\PVRTStringHash.cpp">
      <Filter>cc3PVR\PVRT</Filter>
    </ClCompile>
    <ClCompile Include="..\cc3PVR\PVRT\PVRTTexture.cpp">
      <Filter>cc3PVR\PVRT</Filter>
    </ClCompile>
    <ClCompile Include="..\cc3PVR\PVRT\PVRTTrans.cpp">
      <Filter>cc3PVR\PVRT</Filter>
    </ClCompile>
    <ClCompile Include="..\cc3PVR\PVRT\PVRTVector.cpp">
      <Filter>cc3PVR\PVRT</Filter>
    </ClCompile>
    <ClCompile Include="..\cc3PVR\PVRT\PVRTVertex.cpp">
      <Filter>cc3PVR\PVRT</Filter>
    </ClCompile>
    <ClCompile Include="..\cc3PVR\PVRT\OGLES2\PVRTgles2Ext.cpp">
      <Filter>cc3PVR\PVRT\OGLES2</Filter>
    </ClCompile>
    <ClCompile Include="..\cc3PVR\PVRT\OGLES2\PVRTTextureAPI.cpp">
      <Filter>cc3PVR\PVRT\OGLES2</Filter>
    </ClCompile>
    <ClCompile Include="..\cc3PVR\PVRT\OGLES\PVRTglesExt.cpp">
      <Filter>cc3PVR\PVRT\OGLES</Filter>
    </ClCompile>
    <ClCompile Include="..\cc3PVR\PVRT\OGLES\PVRTTextureAPI.cpp">
      <Filter>cc3PVR\PVRT\OGLES</Filter>
    </ClCompile>
    <ClCompile Include="..\cc3PVR\CC3PFXResource.cpp">
      <Filter>cc3PVR</Filter>
    </ClCompile>
    <ClCompile Include="..\cc3PVR\CC3PODCamera.cpp">
      <Filter>cc3PVR</Filter>
    </ClCompile>
    <ClCompile Include="..\cc3PVR\CC3PODLight.cpp">
      <Filter>cc3PVR</Filter>
    </ClCompile>
    <ClCompile Include="..\cc3PVR\CC3PODMaterial.cpp">
      <Filter>cc3PVR</Filter>
    </ClCompile>
    <ClCompile Include="..\cc3PVR\CC3PODMesh.cpp">
      <Filter>cc3PVR</Filter>
    </ClCompile>
    <ClCompile Include="..\cc3PVR\CC3PODMeshNode.cpp">
      <Filter>cc3PVR</Filter>
    </ClCompile>
    <ClCompile Include="..\cc3PVR\CC3PODResource.cpp">
      <Filter>cc3PVR</Filter>
    </ClCompile>
    <ClCompile Include="..\cc3PVR\CC3PODResourceNode.cpp">
      <Filter>cc3PVR</Filter>
    </ClCompile>
    <ClCompile Include="..\cc3PVR\CC3PODVertexSkinning.cpp">
      <Filter>cc3PVR</Filter>
    </ClCompile>
    <ClCompile Include="..\cc3PVR\CC3PVRFoundation.cpp">
      <Filter>cc3PVR</Filter>
    </ClCompile>
    <ClCompile Include="..\cc3PVR\CC3PVRShamanShaderSemantics.cpp">
      <Filter>cc3PVR</Filter>
    </ClCompile>
    <ClCompile Include="..\cc3PVR\CC3PVRTexture.cpp">
      <Filter>cc3PVR</Filter>
    </ClCompile>
    <ClCompile Include="..\cc3PVR\CC3PODNode.cpp">
      <Filter>cc3PVR</Filter>
    </ClCompile>
    <ClCompile Include="..\Materials\stb_image.c">
      <Filter>materials</Filter>
    </ClCompile>
    <ClCompile Include="..\cc3Extras\CC3MeshParticleSamples.cpp">
      <Filter>cc3Extras</Filter>
    </ClCompile>
    <ClCompile Include="..\cc3Extras\CC3ModelSampleFactory.cpp">
      <Filter>cc3Extras</Filter>
    </ClCompile>
    <ClCompile Include="..\cc3Extras\CC3ParticleSamples.cpp">
      <Filter>cc3Extras</Filter>
    </ClCompile>
    <ClCompile Include="..\cc3Extras\CC3PointParticleSamples.cpp">
      <Filter>cc3Extras</Filter>
    </ClCompile>
    <ClCompile Include="..\Animations\CC3ActionManager.cpp">
      <Filter>animation</Filter>
    </ClCompile>
    <ClCompile Include="..\Particles\CC3Particle.cpp">
      <Filter>particlesystem\particles</Filter>
    </ClCompile>
    <ClCompile Include="..\Particles\CC3ParticleEmitter.cpp">
      <Filter>particlesystem\emitters</Filter>
    </ClCompile>
    <ClCompile Include="..\Particles\CC3ParticleNavigator.cpp">
      <Filter>particlesystem\navigators</Filter>
    </ClCompile>
    <ClCompile Include="..\Particles\CC3CVAParticleEmitter.cpp">
      <Filter>particlesystem\emitters</Filter>
    </ClCompile>
    <ClCompile Include="..\Particles\CC3CVAParticle.cpp">
      <Filter>particlesystem\particles</Filter>
    </ClCompile>
    <ClCompile Include="..\Particles\CC3PointParticle.cpp">
      <Filter>particlesystem\particles</Filter>
    </ClCompile>
    <ClCompile Include="..\Particles\CC3PointParticleEmitter.cpp">
      <Filter>particlesystem\emitters</Filter>
    </ClCompile>
    <ClCompile Include="..\Particles\CC3MeshParticle.cpp">
      <Filter>particlesystem\particles</Filter>
    </ClCompile>
    <ClCompile Include="..\Particles\CC3MeshParticleEmitter.cpp">
      <Filter>particlesystem\emitters</Filter>
    </ClCompile>
    <ClCompile Include="..\Controls\CCNodeAdornments.cpp">
      <Filter>controls</Filter>
    </ClCompile>
    <ClCompile Include="..\Controls\Joystick.cpp">
      <Filter>controls</Filter>
    </ClCompile>
    <ClCompile Include="..\Nodes\CC3BitmapLabelNode.cpp">
      <Filter>nodes</Filter>
    </ClCompile>
    <ClCompile Include="..\Common\CC3CC2Extensions.cpp">
      <Filter>common</Filter>
    </ClCompile>
    <ClCompile Include="..\Common\CC3Foundation.cpp">
      <Filter>common</Filter>
    </ClCompile>
    <ClCompile Include="..\Common\CC3Math.cpp">
      <Filter>common</Filter>
    </ClCompile>
    <ClCompile Include="..\Common\CC3Platform.cpp">
      <Filter>common</Filter>
    </ClCompile>
    <ClCompile Include="..\Common\CC3String.cpp">
      <Filter>common</Filter>
    </ClCompile>
    <ClCompile Include="..\Common\LineScanner.cpp">
      <Filter>common</Filter>
    </ClCompile>
    <ClCompile Include="..\Common\LogDelegate.cpp">
      <Filter>common</Filter>
    </ClCompile>
    <ClCompile Include="..\Common\LogManager.cpp">
      <Filter>common</Filter>
    </ClCompile>
    <ClCompile Include="..\cocos3d.cpp" />
    <ClCompile Include="..\Common\CC3Vector.cpp">
      <Filter>common</Filter>
    </ClCompile>
    <ClCompile Include="..\Common\CC3Vector4.cpp">
      <Filter>common</Filter>
    </ClCompile>
    <ClCompile Include="..\Common\CC3Quaternion.cpp">
      <Filter>common</Filter>
    </ClCompile>
  </ItemGroup>
  <ItemGroup>
    <ClInclude Include="..\Scenes\CC3Layer.h">
      <Filter>scenes</Filter>
    </ClInclude>
    <ClInclude Include="..\Scenes\CC3NodeSequencer.h">
      <Filter>scenes</Filter>
    </ClInclude>
    <ClInclude Include="..\Scenes\CC3RenderSurfaces.h">
      <Filter>scenes</Filter>
    </ClInclude>
    <ClInclude Include="..\Scenes\CC3Scene.h">
      <Filter>scenes</Filter>
    </ClInclude>
    <ClInclude Include="..\Meshes\CC3Mesh.h">
      <Filter>meshes</Filter>
    </ClInclude>
    <ClInclude Include="..\Meshes\CC3VertexArrays.h">
      <Filter>meshes</Filter>
    </ClInclude>
    <ClInclude Include="..\Meshes\CC3VertexSkinning.h">
      <Filter>meshes</Filter>
    </ClInclude>
    <ClInclude Include="..\Shaders\CC3GLSLVariable.h">
      <Filter>shaders</Filter>
    </ClInclude>
    <ClInclude Include="..\Shaders\CC3ShaderContext.h">
      <Filter>shaders</Filter>
    </ClInclude>
    <ClInclude Include="..\Shaders\CC3ShaderMatcher.h">
      <Filter>shaders</Filter>
    </ClInclude>
    <ClInclude Include="..\Shaders\CC3Shaders.h">
      <Filter>shaders</Filter>
    </ClInclude>
    <ClInclude Include="..\Shaders\CC3ShaderSemantics.h">
      <Filter>shaders</Filter>
    </ClInclude>
    <ClInclude Include="..\Materials\CC3Material.h">
      <Filter>materials</Filter>
    </ClInclude>
    <ClInclude Include="..\Materials\CC3STBImage.h">
      <Filter>materials</Filter>
    </ClInclude>
    <ClInclude Include="..\Materials\CC3Texture.h">
      <Filter>materials</Filter>
    </ClInclude>
    <ClInclude Include="..\Materials\CC3TextureUnit.h">
      <Filter>materials</Filter>
    </ClInclude>
    <ClInclude Include="..\Matrices\CC3AffineMatrix.h">
      <Filter>matrices</Filter>
    </ClInclude>
    <ClInclude Include="..\Matrices\CC3LinearMatrix.h">
      <Filter>matrices</Filter>
    </ClInclude>
    <ClInclude Include="..\Matrices\CC3Matrix.h">
      <Filter>matrices</Filter>
    </ClInclude>
    <ClInclude Include="..\Matrices\CC3Matrix3x3.h">
      <Filter>matrices</Filter>
    </ClInclude>
    <ClInclude Include="..\Matrices\CC3Matrix4x3.h">
      <Filter>matrices</Filter>
    </ClInclude>
    <ClInclude Include="..\Matrices\CC3Matrix4x4.h">
      <Filter>matrices</Filter>
    </ClInclude>
    <ClInclude Include="..\Matrices\CC3ProjectionMatrix.h">
      <Filter>matrices</Filter>
    </ClInclude>
    <ClInclude Include="..\Nodes\CC3Billboard.h">
      <Filter>nodes</Filter>
    </ClInclude>
    <ClInclude Include="..\Nodes\CC3BitmapLabelNode.h">
      <Filter>nodes</Filter>
    </ClInclude>
    <ClInclude Include="..\Nodes\CC3BoundingVolumes.h">
      <Filter>nodes</Filter>
    </ClInclude>
    <ClInclude Include="..\Nodes\CC3Camera.h">
      <Filter>nodes</Filter>
    </ClInclude>
    <ClInclude Include="..\Nodes\CC3EnvironmentNodes.h">
      <Filter>nodes</Filter>
    </ClInclude>
    <ClInclude Include="..\Nodes\CC3Light.h">
      <Filter>nodes</Filter>
    </ClInclude>
    <ClInclude Include="..\Nodes\CC3LocalContentNode.h">
      <Filter>nodes</Filter>
    </ClInclude>
    <ClInclude Include="..\Nodes\CC3MeshNode.h">
      <Filter>nodes</Filter>
    </ClInclude>
    <ClInclude Include="..\Nodes\CC3Node.h">
      <Filter>nodes</Filter>
    </ClInclude>
    <ClInclude Include="..\Nodes\CC3NodeListeners.h">
      <Filter>nodes</Filter>
    </ClInclude>
    <ClInclude Include="..\Nodes\CC3NodeVisitor.h">
      <Filter>nodes</Filter>
    </ClInclude>
    <ClInclude Include="..\Nodes\CC3UtilityMeshNodes.h">
      <Filter>nodes</Filter>
    </ClInclude>
    <ClInclude Include="..\OpenGL\OpenGL2\CC3OpenGL2.h">
      <Filter>openGL\OpenGL2</Filter>
    </ClInclude>
    <ClInclude Include="..\OpenGL\OpenGL2\CC3OpenGLCompatibility.h">
      <Filter>openGL\OpenGL2</Filter>
    </ClInclude>
    <ClInclude Include="..\OpenGL\OpenGLES2\CC3OpenGLES2.h">
      <Filter>openGL\OpenGLES2</Filter>
    </ClInclude>
    <ClInclude Include="..\OpenGL\OpenGLES2\CC3OpenGLES2Compatibility.h">
      <Filter>openGL\OpenGLES2</Filter>
    </ClInclude>
    <ClInclude Include="..\OpenGL\CC3OpenGL.h">
      <Filter>openGL</Filter>
    </ClInclude>
    <ClInclude Include="..\OpenGL\CC3OpenGLFoundation.h">
      <Filter>openGL</Filter>
    </ClInclude>
    <ClInclude Include="..\OpenGL\CC3OpenGLProgPipeline.h">
      <Filter>openGL</Filter>
    </ClInclude>
    <ClInclude Include="..\OpenGL\CC3OpenGLUtility.h">
      <Filter>openGL</Filter>
    </ClInclude>
    <ClInclude Include="..\Resources\CC3DataStreams.h">
      <Filter>resources</Filter>
    </ClInclude>
    <ClInclude Include="..\Resources\CC3NodesResource.h">
      <Filter>resources</Filter>
    </ClInclude>
    <ClInclude Include="..\Resources\CC3Resource.h">
      <Filter>resources</Filter>
    </ClInclude>
    <ClInclude Include="..\Resources\CC3ResourceNode.h">
      <Filter>resources</Filter>
    </ClInclude>
    <ClInclude Include="..\Shadows\CC3ShadowVolumes.h">
      <Filter>shadows</Filter>
    </ClInclude>
    <ClInclude Include="..\Utility\CC3Backgrounder.h">
      <Filter>utility</Filter>
    </ClInclude>
    <ClInclude Include="..\Utility\CC3Cache.h">
      <Filter>utility</Filter>
    </ClInclude>
    <ClInclude Include="..\Utility\CC3DataArray.h">
      <Filter>utility</Filter>
    </ClInclude>
    <ClInclude Include="..\Utility\CC3Identifiable.h">
      <Filter>utility</Filter>
    </ClInclude>
    <ClInclude Include="..\Utility\CC3Logging.h">
      <Filter>utility</Filter>
    </ClInclude>
    <ClInclude Include="..\Utility\CC3PerformanceStatistics.h">
      <Filter>utility</Filter>
    </ClInclude>
    <ClInclude Include="..\Utility\CC3Rotator.h">
      <Filter>utility</Filter>
    </ClInclude>
    <ClInclude Include="..\Animations\CC3Actions.h">
      <Filter>animation</Filter>
    </ClInclude>
    <ClInclude Include="..\Animations\CC3NodeAnimation.h">
      <Filter>animation</Filter>
    </ClInclude>
    <ClInclude Include="..\cc3PVR\PVRT\PVRTArray.h">
      <Filter>cc3PVR\PVRT</Filter>
    </ClInclude>
    <ClInclude Include="..\cc3PVR\PVRT\PVRTBoneBatch.h">
      <Filter>cc3PVR\PVRT</Filter>
    </ClInclude>
    <ClInclude Include="..\cc3PVR\PVRT\PVRTDecompress.h">
      <Filter>cc3PVR\PVRT</Filter>
    </ClInclude>
    <ClInclude Include="..\cc3PVR\PVRT\PVRTError.h">
      <Filter>cc3PVR\PVRT</Filter>
    </ClInclude>
    <ClInclude Include="..\cc3PVR\PVRT\PVRTFixedPoint.h">
      <Filter>cc3PVR\PVRT</Filter>
    </ClInclude>
    <ClInclude Include="..\cc3PVR\PVRT\PVRTGlobal.h">
      <Filter>cc3PVR\PVRT</Filter>
    </ClInclude>
    <ClInclude Include="..\cc3PVR\PVRT\PVRTHash.h">
      <Filter>cc3PVR\PVRT</Filter>
    </ClInclude>
    <ClInclude Include="..\cc3PVR\PVRT\PVRTMap.h">
      <Filter>cc3PVR\PVRT</Filter>
    </ClInclude>
    <ClInclude Include="..\cc3PVR\PVRT\PVRTMatrix.h">
      <Filter>cc3PVR\PVRT</Filter>
    </ClInclude>
    <ClInclude Include="..\cc3PVR\PVRT\PVRTMemoryFileSystem.h">
      <Filter>cc3PVR\PVRT</Filter>
    </ClInclude>
    <ClInclude Include="..\cc3PVR\PVRT\PVRTModelPOD.h">
      <Filter>cc3PVR\PVRT</Filter>
    </ClInclude>
    <ClInclude Include="..\cc3PVR\PVRT\PVRTPFXParser.h">
      <Filter>cc3PVR\PVRT</Filter>
    </ClInclude>
    <ClInclude Include="..\cc3PVR\PVRT\PVRTQuaternion.h">
      <Filter>cc3PVR\PVRT</Filter>
    </ClInclude>
    <ClInclude Include="..\cc3PVR\PVRT\PVRTResourceFile.h">
      <Filter>cc3PVR\PVRT</Filter>
    </ClInclude>
    <ClInclude Include="..\cc3PVR\PVRT\PVRTSkipGraph.h">
      <Filter>cc3PVR\PVRT</Filter>
    </ClInclude>
    <ClInclude Include="..\cc3PVR\PVRT\PVRTString.h">
      <Filter>cc3PVR\PVRT</Filter>
    </ClInclude>
    <ClInclude Include="..\cc3PVR\PVRT\PVRTStringHash.h">
      <Filter>cc3PVR\PVRT</Filter>
    </ClInclude>
    <ClInclude Include="..\cc3PVR\PVRT\PVRTTexture.h">
      <Filter>cc3PVR\PVRT</Filter>
    </ClInclude>
    <ClInclude Include="..\cc3PVR\PVRT\PVRTTrans.h">
      <Filter>cc3PVR\PVRT</Filter>
    </ClInclude>
    <ClInclude Include="..\cc3PVR\PVRT\PVRTVector.h">
      <Filter>cc3PVR\PVRT</Filter>
    </ClInclude>
    <ClInclude Include="..\cc3PVR\PVRT\PVRTVertex.h">
      <Filter>cc3PVR\PVRT</Filter>
    </ClInclude>
    <ClInclude Include="..\cc3PVR\PVRT\OGLES2\PVRTgles2Ext.h">
      <Filter>cc3PVR\PVRT\OGLES2</Filter>
    </ClInclude>
    <ClInclude Include="..\cc3PVR\PVRT\OGLES2\PVRTTextureAPI.h">
      <Filter>cc3PVR\PVRT\OGLES2</Filter>
    </ClInclude>
    <ClInclude Include="..\cc3PVR\PVRT\OGLES\PVRTglesExt.h">
      <Filter>cc3PVR\PVRT\OGLES</Filter>
    </ClInclude>
    <ClInclude Include="..\cc3PVR\PVRT\OGLES\PVRTTextureAPI.h">
      <Filter>cc3PVR\PVRT\OGLES</Filter>
    </ClInclude>
    <ClInclude Include="..\cc3PVR\CC3PFXResource.h">
      <Filter>cc3PVR</Filter>
    </ClInclude>
    <ClInclude Include="..\cc3PVR\CC3PODCamera.h">
      <Filter>cc3PVR</Filter>
    </ClInclude>
    <ClInclude Include="..\cc3PVR\CC3PODLight.h">
      <Filter>cc3PVR</Filter>
    </ClInclude>
    <ClInclude Include="..\cc3PVR\CC3PODMaterial.h">
      <Filter>cc3PVR</Filter>
    </ClInclude>
    <ClInclude Include="..\cc3PVR\CC3PODMesh.h">
      <Filter>cc3PVR</Filter>
    </ClInclude>
    <ClInclude Include="..\cc3PVR\CC3PODMeshNode.h">
      <Filter>cc3PVR</Filter>
    </ClInclude>
    <ClInclude Include="..\cc3PVR\CC3PODResource.h">
      <Filter>cc3PVR</Filter>
    </ClInclude>
    <ClInclude Include="..\cc3PVR\CC3PODResourceNode.h">
      <Filter>cc3PVR</Filter>
    </ClInclude>
    <ClInclude Include="..\cc3PVR\CC3PODVertexSkinning.h">
      <Filter>cc3PVR</Filter>
    </ClInclude>
    <ClInclude Include="..\cc3PVR\CC3PVRFoundation.h">
      <Filter>cc3PVR</Filter>
    </ClInclude>
    <ClInclude Include="..\cc3PVR\CC3PVROpenGLFoundation.h">
      <Filter>cc3PVR</Filter>
    </ClInclude>
    <ClInclude Include="..\cc3PVR\CC3PVRShamanShaderSemantics.h">
      <Filter>cc3PVR</Filter>
    </ClInclude>
    <ClInclude Include="..\cc3PVR\CC3PVRTexture.h">
      <Filter>cc3PVR</Filter>
    </ClInclude>
    <ClInclude Include="..\cc3PVR\CC3PVRTModelPOD.h">
      <Filter>cc3PVR</Filter>
    </ClInclude>
    <ClInclude Include="..\cc3PVR\CC3PVRTPFXParser.h">
      <Filter>cc3PVR</Filter>
    </ClInclude>
    <ClInclude Include="..\cc3PVR\CC3PVRTTexture.h">
      <Filter>cc3PVR</Filter>
    </ClInclude>
    <ClInclude Include="..\cc3PVR\CC3PODNode.h">
      <Filter>cc3PVR</Filter>
    </ClInclude>
    <ClInclude Include="..\cc3Extras\CC3MeshParticleSamples.h">
      <Filter>cc3Extras</Filter>
    </ClInclude>
    <ClInclude Include="..\cc3Extras\CC3ModelSampleFactory.h">
      <Filter>cc3Extras</Filter>
    </ClInclude>
    <ClInclude Include="..\cc3Extras\CC3ParticleSamples.h">
      <Filter>cc3Extras</Filter>
    </ClInclude>
    <ClInclude Include="..\cc3Extras\CC3PointParticleSamples.h">
      <Filter>cc3Extras</Filter>
    </ClInclude>
    <ClInclude Include="..\cc3Extras\teapot.h">
      <Filter>cc3Extras</Filter>
    </ClInclude>
    <ClInclude Include="..\Animations\CC3ActionManager.h">
      <Filter>animation</Filter>
    </ClInclude>
    <ClInclude Include="..\Particles\CC3Particle.h">
      <Filter>particlesystem\particles</Filter>
    </ClInclude>
    <ClInclude Include="..\Particles\CC3ParticleEmitter.h">
      <Filter>particlesystem\emitters</Filter>
    </ClInclude>
    <ClInclude Include="..\Particles\CC3ParticleNavigator.h">
      <Filter>particlesystem\navigators</Filter>
    </ClInclude>
    <ClInclude Include="..\Particles\CC3CVAParticleEmitter.h">
      <Filter>particlesystem\emitters</Filter>
    </ClInclude>
    <ClInclude Include="..\Particles\CC3CVAParticle.h">
      <Filter>particlesystem\particles</Filter>
    </ClInclude>
    <ClInclude Include="..\Particles\CC3PointParticle.h">
      <Filter>particlesystem\particles</Filter>
    </ClInclude>
    <ClInclude Include="..\Particles\CC3PointParticleEmitter.h">
      <Filter>particlesystem\emitters</Filter>
    </ClInclude>
    <ClInclude Include="..\Particles\CC3MeshParticle.h">
      <Filter>particlesystem\particles</Filter>
    </ClInclude>
    <ClInclude Include="..\Particles\CC3MeshParticleEmitter.h">
      <Filter>particlesystem\emitters</Filter>
    </ClInclude>
    <ClInclude Include="..\Controls\CCNodeAdornments.h">
      <Filter>controls</Filter>
    </ClInclude>
    <ClInclude Include="..\Controls\Joystick.h">
      <Filter>controls</Filter>
    </ClInclude>
    <ClInclude Include="..\Platforms\CC3Environment.h">
      <Filter>platforms</Filter>
    </ClInclude>
    <ClInclude Include="..\cocos3d.h" />
    <ClInclude Include="..\Nodes\CC3MeshCommon.h">
      <Filter>nodes</Filter>
    </ClInclude>
    <ClInclude Include="..\Common\CC3CC2Extensions.h">
      <Filter>common</Filter>
    </ClInclude>
    <ClInclude Include="..\Common\CC3Foundation.h">
      <Filter>common</Filter>
    </ClInclude>
    <ClInclude Include="..\Common\CC3Math.h">
      <Filter>common</Filter>
    </ClInclude>
    <ClInclude Include="..\Common\CC3Platform.h">
      <Filter>common</Filter>
    </ClInclude>
    <ClInclude Include="..\Common\CC3String.h">
      <Filter>common</Filter>
    </ClInclude>
    <ClInclude Include="..\Common\Common.h">
      <Filter>common</Filter>
    </ClInclude>
    <ClInclude Include="..\Common\LineScanner.h">
      <Filter>common</Filter>
    </ClInclude>
    <ClInclude Include="..\Common\LogDelegate.h">
      <Filter>common</Filter>
    </ClInclude>
    <ClInclude Include="..\Common\LogManager.h">
      <Filter>common</Filter>
    </ClInclude>
    <ClInclude Include="..\Common\CC3Vector.h">
      <Filter>common</Filter>
    </ClInclude>
    <ClInclude Include="..\Common\CC3Vector4.h">
      <Filter>common</Filter>
    </ClInclude>
    <ClInclude Include="..\Common\CC3Quaternion.h">
      <Filter>common</Filter>
    </ClInclude>
  </ItemGroup>
</Project>